// !$*UTF8*$!
{
	archiveVersion = 1;
	classes = {
	};
	objectVersion = 55;
	objects = {

/* Begin PBXBuildFile section */
		AA13E98C29A94C1600BA0F6F /* TweetFilterViewModel.swift in Sources */ = {isa = PBXBuildFile; fileRef = AA13E98B29A94C1600BA0F6F /* TweetFilterViewModel.swift */; };
		AA13E99229A955AA00BA0F6F /* UserRollView.swift in Sources */ = {isa = PBXBuildFile; fileRef = AA13E99129A955AA00BA0F6F /* UserRollView.swift */; };
		AA13E99729AA894100BA0F6F /* SideMenuView.swift in Sources */ = {isa = PBXBuildFile; fileRef = AA13E99629AA894100BA0F6F /* SideMenuView.swift */; };
		AA13E99929AA895D00BA0F6F /* SideMenuRollView.swift in Sources */ = {isa = PBXBuildFile; fileRef = AA13E99829AA895D00BA0F6F /* SideMenuRollView.swift */; };
		AA13E99B29AA897800BA0F6F /* SideMenuModel.swift in Sources */ = {isa = PBXBuildFile; fileRef = AA13E99A29AA897800BA0F6F /* SideMenuModel.swift */; };
		AA13E99D29AA8C8200BA0F6F /* UserStackView.swift in Sources */ = {isa = PBXBuildFile; fileRef = AA13E99C29AA8C8200BA0F6F /* UserStackView.swift */; };
		AA41ED1E29C4B04800EDBE66 /* TextArea.swift in Sources */ = {isa = PBXBuildFile; fileRef = AA41ED1D29C4B04800EDBE66 /* TextArea.swift */; };
		AA41ED2329C4D2D100EDBE66 /* LoginView.swift in Sources */ = {isa = PBXBuildFile; fileRef = AA41ED2229C4D2D100EDBE66 /* LoginView.swift */; };
		AA41ED2529C4D2E000EDBE66 /* SignUpView.swift in Sources */ = {isa = PBXBuildFile; fileRef = AA41ED2429C4D2E000EDBE66 /* SignUpView.swift */; };
		AA41ED2729C4D7F800EDBE66 /* RoundedShape.swift in Sources */ = {isa = PBXBuildFile; fileRef = AA41ED2629C4D7F800EDBE66 /* RoundedShape.swift */; };
		AA54A3AE28AD500400E82EB0 /* TestView.swift in Sources */ = {isa = PBXBuildFile; fileRef = AA54A3AD28AD500400E82EB0 /* TestView.swift */; };
		AA54A3B228AD824600E82EB0 /* Test2View.swift in Sources */ = {isa = PBXBuildFile; fileRef = AA54A3B128AD824600E82EB0 /* Test2View.swift */; };
		AA5EE0E42A1E945100AAF3CE /* CustomInputField.swift in Sources */ = {isa = PBXBuildFile; fileRef = AA5EE0E32A1E945100AAF3CE /* CustomInputField.swift */; };
		AA5EE0E62A1E9A7900AAF3CE /* SignHeader.swift in Sources */ = {isa = PBXBuildFile; fileRef = AA5EE0E52A1E9A7900AAF3CE /* SignHeader.swift */; };
		AA5EE0E92A1ED4BF00AAF3CE /* FirebaseAuth in Frameworks */ = {isa = PBXBuildFile; productRef = AA5EE0E82A1ED4BF00AAF3CE /* FirebaseAuth */; };
		AA5EE0EB2A1ED4BF00AAF3CE /* FirebaseFirestore in Frameworks */ = {isa = PBXBuildFile; productRef = AA5EE0EA2A1ED4BF00AAF3CE /* FirebaseFirestore */; };
		AA5EE0ED2A1ED4BF00AAF3CE /* FirebaseFirestoreSwift in Frameworks */ = {isa = PBXBuildFile; productRef = AA5EE0EC2A1ED4BF00AAF3CE /* FirebaseFirestoreSwift */; };
		AA5EE0EF2A1ED4BF00AAF3CE /* FirebaseStorage in Frameworks */ = {isa = PBXBuildFile; productRef = AA5EE0EE2A1ED4BF00AAF3CE /* FirebaseStorage */; };
		AA5EE0F12A1ED5A000AAF3CE /* GoogleService-Info.plist in Resources */ = {isa = PBXBuildFile; fileRef = AA5EE0F02A1ED5A000AAF3CE /* GoogleService-Info.plist */; };
		AA5EE0F32A1EDC9E00AAF3CE /* AuthViewModel.swift in Sources */ = {isa = PBXBuildFile; fileRef = AA5EE0F22A1EDC9E00AAF3CE /* AuthViewModel.swift */; };
		AA5EE0F52A21725300AAF3CE /* ProfilePhotoSelectView.swift in Sources */ = {isa = PBXBuildFile; fileRef = AA5EE0F42A21725300AAF3CE /* ProfilePhotoSelectView.swift */; };
		AA5EE0F82A21813000AAF3CE /* ImagePicker.swift in Sources */ = {isa = PBXBuildFile; fileRef = AA5EE0F72A21813000AAF3CE /* ImagePicker.swift */; };
		AA5EE0FA2A26666F00AAF3CE /* ImageUploader.swift in Sources */ = {isa = PBXBuildFile; fileRef = AA5EE0F92A26666F00AAF3CE /* ImageUploader.swift */; };
		AA6620C829BF95A0003A94F3 /* NewTweetView.swift in Sources */ = {isa = PBXBuildFile; fileRef = AA6620C729BF95A0003A94F3 /* NewTweetView.swift */; };
		AAA38E962A2FE4B000D02AC2 /* SearchBarView.swift in Sources */ = {isa = PBXBuildFile; fileRef = AAA38E952A2FE4B000D02AC2 /* SearchBarView.swift */; };
		AAA38E982A30363900D02AC2 /* TweetService.swift in Sources */ = {isa = PBXBuildFile; fileRef = AAA38E972A30363900D02AC2 /* TweetService.swift */; };
		AAA38E9A2A30FA8700D02AC2 /* UploadTweetViewModel.swift in Sources */ = {isa = PBXBuildFile; fileRef = AAA38E992A30FA8700D02AC2 /* UploadTweetViewModel.swift */; };
		AAB1FF722A2EED52009AB6D0 /* UserService.swift in Sources */ = {isa = PBXBuildFile; fileRef = AAB1FF712A2EED52009AB6D0 /* UserService.swift */; };
		AAB1FF742A2EF6DB009AB6D0 /* User.swift in Sources */ = {isa = PBXBuildFile; fileRef = AAB1FF732A2EF6DB009AB6D0 /* User.swift */; };
		AAB1FF772A2FB167009AB6D0 /* Kingfisher in Frameworks */ = {isa = PBXBuildFile; productRef = AAB1FF762A2FB167009AB6D0 /* Kingfisher */; };
		AAB1FF792A2FDE51009AB6D0 /* ExploreViewModel.swift in Sources */ = {isa = PBXBuildFile; fileRef = AAB1FF782A2FDE51009AB6D0 /* ExploreViewModel.swift */; };
		AAEC552628908E1B002B76D1 /* TwitterApp.swift in Sources */ = {isa = PBXBuildFile; fileRef = AAEC552528908E1B002B76D1 /* TwitterApp.swift */; };
		AAEC552828908E1B002B76D1 /* ContentView.swift in Sources */ = {isa = PBXBuildFile; fileRef = AAEC552728908E1B002B76D1 /* ContentView.swift */; };
		AAEC552A28908E1C002B76D1 /* Assets.xcassets in Resources */ = {isa = PBXBuildFile; fileRef = AAEC552928908E1C002B76D1 /* Assets.xcassets */; };
		AAEC552D28908E1C002B76D1 /* Preview Assets.xcassets in Resources */ = {isa = PBXBuildFile; fileRef = AAEC552C28908E1C002B76D1 /* Preview Assets.xcassets */; };
		AAEC553728908E1C002B76D1 /* TwitterTests.swift in Sources */ = {isa = PBXBuildFile; fileRef = AAEC553628908E1C002B76D1 /* TwitterTests.swift */; };
		AAEC554128908E1D002B76D1 /* TwitterUITests.swift in Sources */ = {isa = PBXBuildFile; fileRef = AAEC554028908E1D002B76D1 /* TwitterUITests.swift */; };
		AAEC554328908E1D002B76D1 /* TwitterUITestsLaunchTests.swift in Sources */ = {isa = PBXBuildFile; fileRef = AAEC554228908E1D002B76D1 /* TwitterUITestsLaunchTests.swift */; };
		AAEC555A2890933F002B76D1 /* FeedView.swift in Sources */ = {isa = PBXBuildFile; fileRef = AAEC55592890933F002B76D1 /* FeedView.swift */; };
		AAEC555C28909437002B76D1 /* TweetRowView.swift in Sources */ = {isa = PBXBuildFile; fileRef = AAEC555B28909437002B76D1 /* TweetRowView.swift */; };
		AAEC555F289187DA002B76D1 /* MainTabView.swift in Sources */ = {isa = PBXBuildFile; fileRef = AAEC555E289187DA002B76D1 /* MainTabView.swift */; };
		AAEC556728918BD7002B76D1 /* ExploreView.swift in Sources */ = {isa = PBXBuildFile; fileRef = AAEC556628918BD7002B76D1 /* ExploreView.swift */; };
		AAEC556928918BF8002B76D1 /* NotificationView.swift in Sources */ = {isa = PBXBuildFile; fileRef = AAEC556828918BF8002B76D1 /* NotificationView.swift */; };
		AAEC556B28918C26002B76D1 /* MessagesView.swift in Sources */ = {isa = PBXBuildFile; fileRef = AAEC556A28918C26002B76D1 /* MessagesView.swift */; };
		AAEC556F28918D05002B76D1 /* ProfileView.swift in Sources */ = {isa = PBXBuildFile; fileRef = AAEC556E28918D05002B76D1 /* ProfileView.swift */; };
/* End PBXBuildFile section */

/* Begin PBXContainerItemProxy section */
		AAEC553328908E1C002B76D1 /* PBXContainerItemProxy */ = {
			isa = PBXContainerItemProxy;
			containerPortal = AAEC551A28908E1A002B76D1 /* Project object */;
			proxyType = 1;
			remoteGlobalIDString = AAEC552128908E1A002B76D1;
			remoteInfo = Twitter;
		};
		AAEC553D28908E1C002B76D1 /* PBXContainerItemProxy */ = {
			isa = PBXContainerItemProxy;
			containerPortal = AAEC551A28908E1A002B76D1 /* Project object */;
			proxyType = 1;
			remoteGlobalIDString = AAEC552128908E1A002B76D1;
			remoteInfo = Twitter;
		};
/* End PBXContainerItemProxy section */

/* Begin PBXFileReference section */
		AA13E98B29A94C1600BA0F6F /* TweetFilterViewModel.swift */ = {isa = PBXFileReference; lastKnownFileType = sourcecode.swift; path = TweetFilterViewModel.swift; sourceTree = "<group>"; };
		AA13E99129A955AA00BA0F6F /* UserRollView.swift */ = {isa = PBXFileReference; lastKnownFileType = sourcecode.swift; path = UserRollView.swift; sourceTree = "<group>"; };
		AA13E99629AA894100BA0F6F /* SideMenuView.swift */ = {isa = PBXFileReference; lastKnownFileType = sourcecode.swift; path = SideMenuView.swift; sourceTree = "<group>"; };
		AA13E99829AA895D00BA0F6F /* SideMenuRollView.swift */ = {isa = PBXFileReference; lastKnownFileType = sourcecode.swift; path = SideMenuRollView.swift; sourceTree = "<group>"; };
		AA13E99A29AA897800BA0F6F /* SideMenuModel.swift */ = {isa = PBXFileReference; lastKnownFileType = sourcecode.swift; path = SideMenuModel.swift; sourceTree = "<group>"; };
		AA13E99C29AA8C8200BA0F6F /* UserStackView.swift */ = {isa = PBXFileReference; lastKnownFileType = sourcecode.swift; path = UserStackView.swift; sourceTree = "<group>"; };
		AA41ED1D29C4B04800EDBE66 /* TextArea.swift */ = {isa = PBXFileReference; lastKnownFileType = sourcecode.swift; path = TextArea.swift; sourceTree = "<group>"; };
		AA41ED2229C4D2D100EDBE66 /* LoginView.swift */ = {isa = PBXFileReference; lastKnownFileType = sourcecode.swift; path = LoginView.swift; sourceTree = "<group>"; };
		AA41ED2429C4D2E000EDBE66 /* SignUpView.swift */ = {isa = PBXFileReference; lastKnownFileType = sourcecode.swift; path = SignUpView.swift; sourceTree = "<group>"; };
		AA41ED2629C4D7F800EDBE66 /* RoundedShape.swift */ = {isa = PBXFileReference; lastKnownFileType = sourcecode.swift; path = RoundedShape.swift; sourceTree = "<group>"; };
		AA54A3AD28AD500400E82EB0 /* TestView.swift */ = {isa = PBXFileReference; lastKnownFileType = sourcecode.swift; path = TestView.swift; sourceTree = "<group>"; };
		AA54A3B128AD824600E82EB0 /* Test2View.swift */ = {isa = PBXFileReference; lastKnownFileType = sourcecode.swift; path = Test2View.swift; sourceTree = "<group>"; };
		AA5EE0E32A1E945100AAF3CE /* CustomInputField.swift */ = {isa = PBXFileReference; lastKnownFileType = sourcecode.swift; path = CustomInputField.swift; sourceTree = "<group>"; };
		AA5EE0E52A1E9A7900AAF3CE /* SignHeader.swift */ = {isa = PBXFileReference; lastKnownFileType = sourcecode.swift; path = SignHeader.swift; sourceTree = "<group>"; };
		AA5EE0F02A1ED5A000AAF3CE /* GoogleService-Info.plist */ = {isa = PBXFileReference; fileEncoding = 4; lastKnownFileType = text.plist.xml; path = "GoogleService-Info.plist"; sourceTree = "<group>"; };
		AA5EE0F22A1EDC9E00AAF3CE /* AuthViewModel.swift */ = {isa = PBXFileReference; lastKnownFileType = sourcecode.swift; path = AuthViewModel.swift; sourceTree = "<group>"; };
		AA5EE0F42A21725300AAF3CE /* ProfilePhotoSelectView.swift */ = {isa = PBXFileReference; lastKnownFileType = sourcecode.swift; path = ProfilePhotoSelectView.swift; sourceTree = "<group>"; };
		AA5EE0F72A21813000AAF3CE /* ImagePicker.swift */ = {isa = PBXFileReference; lastKnownFileType = sourcecode.swift; path = ImagePicker.swift; sourceTree = "<group>"; };
		AA5EE0F92A26666F00AAF3CE /* ImageUploader.swift */ = {isa = PBXFileReference; lastKnownFileType = sourcecode.swift; path = ImageUploader.swift; sourceTree = "<group>"; };
		AA6620C729BF95A0003A94F3 /* NewTweetView.swift */ = {isa = PBXFileReference; lastKnownFileType = sourcecode.swift; path = NewTweetView.swift; sourceTree = "<group>"; };
		AAA38E952A2FE4B000D02AC2 /* SearchBarView.swift */ = {isa = PBXFileReference; lastKnownFileType = sourcecode.swift; path = SearchBarView.swift; sourceTree = "<group>"; };
		AAA38E972A30363900D02AC2 /* TweetService.swift */ = {isa = PBXFileReference; lastKnownFileType = sourcecode.swift; path = TweetService.swift; sourceTree = "<group>"; };
		AAA38E992A30FA8700D02AC2 /* UploadTweetViewModel.swift */ = {isa = PBXFileReference; lastKnownFileType = sourcecode.swift; path = UploadTweetViewModel.swift; sourceTree = "<group>"; };
		AAB1FF712A2EED52009AB6D0 /* UserService.swift */ = {isa = PBXFileReference; lastKnownFileType = sourcecode.swift; path = UserService.swift; sourceTree = "<group>"; };
		AAB1FF732A2EF6DB009AB6D0 /* User.swift */ = {isa = PBXFileReference; lastKnownFileType = sourcecode.swift; path = User.swift; sourceTree = "<group>"; };
		AAB1FF782A2FDE51009AB6D0 /* ExploreViewModel.swift */ = {isa = PBXFileReference; lastKnownFileType = sourcecode.swift; path = ExploreViewModel.swift; sourceTree = "<group>"; };
		AAEC552228908E1A002B76D1 /* Twitter.app */ = {isa = PBXFileReference; explicitFileType = wrapper.application; includeInIndex = 0; path = Twitter.app; sourceTree = BUILT_PRODUCTS_DIR; };
		AAEC552528908E1B002B76D1 /* TwitterApp.swift */ = {isa = PBXFileReference; lastKnownFileType = sourcecode.swift; path = TwitterApp.swift; sourceTree = "<group>"; };
		AAEC552728908E1B002B76D1 /* ContentView.swift */ = {isa = PBXFileReference; lastKnownFileType = sourcecode.swift; path = ContentView.swift; sourceTree = "<group>"; };
		AAEC552928908E1C002B76D1 /* Assets.xcassets */ = {isa = PBXFileReference; lastKnownFileType = folder.assetcatalog; path = Assets.xcassets; sourceTree = "<group>"; };
		AAEC552C28908E1C002B76D1 /* Preview Assets.xcassets */ = {isa = PBXFileReference; lastKnownFileType = folder.assetcatalog; path = "Preview Assets.xcassets"; sourceTree = "<group>"; };
		AAEC553228908E1C002B76D1 /* TwitterTests.xctest */ = {isa = PBXFileReference; explicitFileType = wrapper.cfbundle; includeInIndex = 0; path = TwitterTests.xctest; sourceTree = BUILT_PRODUCTS_DIR; };
		AAEC553628908E1C002B76D1 /* TwitterTests.swift */ = {isa = PBXFileReference; lastKnownFileType = sourcecode.swift; path = TwitterTests.swift; sourceTree = "<group>"; };
		AAEC553C28908E1C002B76D1 /* TwitterUITests.xctest */ = {isa = PBXFileReference; explicitFileType = wrapper.cfbundle; includeInIndex = 0; path = TwitterUITests.xctest; sourceTree = BUILT_PRODUCTS_DIR; };
		AAEC554028908E1D002B76D1 /* TwitterUITests.swift */ = {isa = PBXFileReference; lastKnownFileType = sourcecode.swift; path = TwitterUITests.swift; sourceTree = "<group>"; };
		AAEC554228908E1D002B76D1 /* TwitterUITestsLaunchTests.swift */ = {isa = PBXFileReference; lastKnownFileType = sourcecode.swift; path = TwitterUITestsLaunchTests.swift; sourceTree = "<group>"; };
		AAEC55592890933F002B76D1 /* FeedView.swift */ = {isa = PBXFileReference; lastKnownFileType = sourcecode.swift; path = FeedView.swift; sourceTree = "<group>"; };
		AAEC555B28909437002B76D1 /* TweetRowView.swift */ = {isa = PBXFileReference; lastKnownFileType = sourcecode.swift; path = TweetRowView.swift; sourceTree = "<group>"; };
		AAEC555E289187DA002B76D1 /* MainTabView.swift */ = {isa = PBXFileReference; lastKnownFileType = sourcecode.swift; path = MainTabView.swift; sourceTree = "<group>"; };
		AAEC556628918BD7002B76D1 /* ExploreView.swift */ = {isa = PBXFileReference; lastKnownFileType = sourcecode.swift; path = ExploreView.swift; sourceTree = "<group>"; };
		AAEC556828918BF8002B76D1 /* NotificationView.swift */ = {isa = PBXFileReference; lastKnownFileType = sourcecode.swift; path = NotificationView.swift; sourceTree = "<group>"; };
		AAEC556A28918C26002B76D1 /* MessagesView.swift */ = {isa = PBXFileReference; lastKnownFileType = sourcecode.swift; path = MessagesView.swift; sourceTree = "<group>"; };
		AAEC556E28918D05002B76D1 /* ProfileView.swift */ = {isa = PBXFileReference; lastKnownFileType = sourcecode.swift; path = ProfileView.swift; sourceTree = "<group>"; };
/* End PBXFileReference section */

/* Begin PBXFrameworksBuildPhase section */
		AAEC551F28908E1A002B76D1 /* Frameworks */ = {
			isa = PBXFrameworksBuildPhase;
			buildActionMask = 2147483647;
			files = (
				AA5EE0E92A1ED4BF00AAF3CE /* FirebaseAuth in Frameworks */,
				AA5EE0EF2A1ED4BF00AAF3CE /* FirebaseStorage in Frameworks */,
				AA5EE0EB2A1ED4BF00AAF3CE /* FirebaseFirestore in Frameworks */,
				AA5EE0ED2A1ED4BF00AAF3CE /* FirebaseFirestoreSwift in Frameworks */,
				AAB1FF772A2FB167009AB6D0 /* Kingfisher in Frameworks */,
			);
			runOnlyForDeploymentPostprocessing = 0;
		};
		AAEC552F28908E1C002B76D1 /* Frameworks */ = {
			isa = PBXFrameworksBuildPhase;
			buildActionMask = 2147483647;
			files = (
			);
			runOnlyForDeploymentPostprocessing = 0;
		};
		AAEC553928908E1C002B76D1 /* Frameworks */ = {
			isa = PBXFrameworksBuildPhase;
			buildActionMask = 2147483647;
			files = (
			);
			runOnlyForDeploymentPostprocessing = 0;
		};
/* End PBXFrameworksBuildPhase section */

/* Begin PBXGroup section */
		AA13E98D29A954EB00BA0F6F /* ViewModels */ = {
			isa = PBXGroup;
			children = (
				AAB1FF782A2FDE51009AB6D0 /* ExploreViewModel.swift */,
			);
			path = ViewModels;
			sourceTree = "<group>";
		};
		AA13E98F29A9554E00BA0F6F /* View */ = {
			isa = PBXGroup;
			children = (
				AAEC556628918BD7002B76D1 /* ExploreView.swift */,
			);
			path = View;
			sourceTree = "<group>";
		};
		AA13E99029A9558500BA0F6F /* Users */ = {
			isa = PBXGroup;
			children = (
				AA13E99129A955AA00BA0F6F /* UserRollView.swift */,
				AA13E99C29AA8C8200BA0F6F /* UserStackView.swift */,
			);
			path = Users;
			sourceTree = "<group>";
		};
		AA13E99329AA88ED00BA0F6F /* SideMenu */ = {
			isa = PBXGroup;
			children = (
				AA13E99429AA890400BA0F6F /* VIewModels */,
				AA13E99529AA891200BA0F6F /* View */,
			);
			path = SideMenu;
			sourceTree = "<group>";
		};
		AA13E99429AA890400BA0F6F /* VIewModels */ = {
			isa = PBXGroup;
			children = (
				AA13E99A29AA897800BA0F6F /* SideMenuModel.swift */,
			);
			path = VIewModels;
			sourceTree = "<group>";
		};
		AA13E99529AA891200BA0F6F /* View */ = {
			isa = PBXGroup;
			children = (
				AA13E99629AA894100BA0F6F /* SideMenuView.swift */,
				AA13E99829AA895D00BA0F6F /* SideMenuRollView.swift */,
			);
			path = View;
			sourceTree = "<group>";
		};
		AA41ED1F29C4D27C00EDBE66 /* Authentication */ = {
			isa = PBXGroup;
			children = (
				AA41ED2129C4D2A400EDBE66 /* View */,
				AA41ED2029C4D29E00EDBE66 /* ViewModels */,
			);
			path = Authentication;
			sourceTree = "<group>";
		};
		AA41ED2029C4D29E00EDBE66 /* ViewModels */ = {
			isa = PBXGroup;
			children = (
				AA5EE0F22A1EDC9E00AAF3CE /* AuthViewModel.swift */,
			);
			path = ViewModels;
			sourceTree = "<group>";
		};
		AA41ED2129C4D2A400EDBE66 /* View */ = {
			isa = PBXGroup;
			children = (
				AA41ED2229C4D2D100EDBE66 /* LoginView.swift */,
				AA41ED2429C4D2E000EDBE66 /* SignUpView.swift */,
				AA5EE0F42A21725300AAF3CE /* ProfilePhotoSelectView.swift */,
			);
			path = View;
			sourceTree = "<group>";
		};
		AA5EE0F62A21811700AAF3CE /* Utils */ = {
			isa = PBXGroup;
			children = (
				AA5EE0F72A21813000AAF3CE /* ImagePicker.swift */,
			);
			path = Utils;
			sourceTree = "<group>";
		};
		AA6620C429BF9554003A94F3 /* UploadTweet */ = {
			isa = PBXGroup;
			children = (
				AA6620C629BF9582003A94F3 /* Views */,
				AA6620C529BF9571003A94F3 /* ViewModels */,
			);
			path = UploadTweet;
			sourceTree = "<group>";
		};
		AA6620C529BF9571003A94F3 /* ViewModels */ = {
			isa = PBXGroup;
			children = (
				AAA38E992A30FA8700D02AC2 /* UploadTweetViewModel.swift */,
			);
			path = ViewModels;
			sourceTree = "<group>";
		};
		AA6620C629BF9582003A94F3 /* Views */ = {
			isa = PBXGroup;
			children = (
				AA6620C729BF95A0003A94F3 /* NewTweetView.swift */,
			);
			path = Views;
			sourceTree = "<group>";
		};
		AAEC551928908E1A002B76D1 = {
			isa = PBXGroup;
			children = (
				AA5EE0F02A1ED5A000AAF3CE /* GoogleService-Info.plist */,
				AAEC552428908E1A002B76D1 /* Twitter */,
				AAEC553528908E1C002B76D1 /* TwitterTests */,
				AAEC553F28908E1C002B76D1 /* TwitterUITests */,
				AAEC552328908E1A002B76D1 /* Products */,
			);
			sourceTree = "<group>";
		};
		AAEC552328908E1A002B76D1 /* Products */ = {
			isa = PBXGroup;
			children = (
				AAEC552228908E1A002B76D1 /* Twitter.app */,
				AAEC553228908E1C002B76D1 /* TwitterTests.xctest */,
				AAEC553C28908E1C002B76D1 /* TwitterUITests.xctest */,
			);
			name = Products;
			sourceTree = "<group>";
		};
		AAEC552428908E1A002B76D1 /* Twitter */ = {
			isa = PBXGroup;
			children = (
				AA5EE0F62A21811700AAF3CE /* Utils */,
				AAEC554F28908E75002B76D1 /* Model */,
				AAEC555028908E96002B76D1 /* Service */,
				AAEC555828908F89002B76D1 /* Extensions */,
				AAEC555128908EDC002B76D1 /* Core */,
				AAEC552528908E1B002B76D1 /* TwitterApp.swift */,
				AAEC552728908E1B002B76D1 /* ContentView.swift */,
				AAEC552928908E1C002B76D1 /* Assets.xcassets */,
				AAEC552B28908E1C002B76D1 /* Preview Content */,
				AA54A3AD28AD500400E82EB0 /* TestView.swift */,
				AA54A3B128AD824600E82EB0 /* Test2View.swift */,
			);
			path = Twitter;
			sourceTree = "<group>";
		};
		AAEC552B28908E1C002B76D1 /* Preview Content */ = {
			isa = PBXGroup;
			children = (
				AAEC552C28908E1C002B76D1 /* Preview Assets.xcassets */,
			);
			path = "Preview Content";
			sourceTree = "<group>";
		};
		AAEC553528908E1C002B76D1 /* TwitterTests */ = {
			isa = PBXGroup;
			children = (
				AAEC553628908E1C002B76D1 /* TwitterTests.swift */,
			);
			path = TwitterTests;
			sourceTree = "<group>";
		};
		AAEC553F28908E1C002B76D1 /* TwitterUITests */ = {
			isa = PBXGroup;
			children = (
				AAEC554028908E1D002B76D1 /* TwitterUITests.swift */,
				AAEC554228908E1D002B76D1 /* TwitterUITestsLaunchTests.swift */,
			);
			path = TwitterUITests;
			sourceTree = "<group>";
		};
		AAEC554F28908E75002B76D1 /* Model */ = {
			isa = PBXGroup;
			children = (
				AAB1FF732A2EF6DB009AB6D0 /* User.swift */,
			);
			path = Model;
			sourceTree = "<group>";
		};
		AAEC555028908E96002B76D1 /* Service */ = {
			isa = PBXGroup;
			children = (
				AA5EE0F92A26666F00AAF3CE /* ImageUploader.swift */,
				AAB1FF712A2EED52009AB6D0 /* UserService.swift */,
				AAA38E972A30363900D02AC2 /* TweetService.swift */,
			);
			path = Service;
			sourceTree = "<group>";
		};
		AAEC555128908EDC002B76D1 /* Core */ = {
			isa = PBXGroup;
			children = (
				AA41ED1F29C4D27C00EDBE66 /* Authentication */,
				AA6620C429BF9554003A94F3 /* UploadTweet */,
				AA13E99329AA88ED00BA0F6F /* SideMenu */,
				AAEC555228908EE4002B76D1 /* Componets */,
				AAEC556428918AB6002B76D1 /* Profile */,
				AAEC555428908F01002B76D1 /* Feed */,
				AAEC556228918A42002B76D1 /* Explore */,
				AAEC556028918A3E002B76D1 /* Notifications */,
				AAEC556328918A9D002B76D1 /* Messages */,
				AAEC555D289187B0002B76D1 /* MainTab */,
			);
			path = Core;
			sourceTree = "<group>";
		};
		AAEC555228908EE4002B76D1 /* Componets */ = {
			isa = PBXGroup;
			children = (
				AA13E99029A9558500BA0F6F /* Users */,
				AAEC555328908EF1002B76D1 /* Tweets */,
				AA41ED1D29C4B04800EDBE66 /* TextArea.swift */,
				AA41ED2629C4D7F800EDBE66 /* RoundedShape.swift */,
				AA5EE0E32A1E945100AAF3CE /* CustomInputField.swift */,
				AA5EE0E52A1E9A7900AAF3CE /* SignHeader.swift */,
				AAA38E952A2FE4B000D02AC2 /* SearchBarView.swift */,
			);
			path = Componets;
			sourceTree = "<group>";
		};
		AAEC555328908EF1002B76D1 /* Tweets */ = {
			isa = PBXGroup;
			children = (
				AAEC555B28909437002B76D1 /* TweetRowView.swift */,
			);
			path = Tweets;
			sourceTree = "<group>";
		};
		AAEC555428908F01002B76D1 /* Feed */ = {
			isa = PBXGroup;
			children = (
				AAEC555528908F07002B76D1 /* ViewModels */,
				AAEC555628908F10002B76D1 /* View */,
			);
			path = Feed;
			sourceTree = "<group>";
		};
		AAEC555528908F07002B76D1 /* ViewModels */ = {
			isa = PBXGroup;
			children = (
			);
			path = ViewModels;
			sourceTree = "<group>";
		};
		AAEC555628908F10002B76D1 /* View */ = {
			isa = PBXGroup;
			children = (
				AAEC55592890933F002B76D1 /* FeedView.swift */,
			);
			path = View;
			sourceTree = "<group>";
		};
		AAEC555828908F89002B76D1 /* Extensions */ = {
			isa = PBXGroup;
			children = (
			);
			path = Extensions;
			sourceTree = "<group>";
		};
		AAEC555D289187B0002B76D1 /* MainTab */ = {
			isa = PBXGroup;
			children = (
				AAEC555E289187DA002B76D1 /* MainTabView.swift */,
			);
			path = MainTab;
			sourceTree = "<group>";
		};
		AAEC556028918A3E002B76D1 /* Notifications */ = {
			isa = PBXGroup;
			children = (
				AAEC556828918BF8002B76D1 /* NotificationView.swift */,
			);
			path = Notifications;
			sourceTree = "<group>";
		};
		AAEC556228918A42002B76D1 /* Explore */ = {
			isa = PBXGroup;
			children = (
				AA13E98D29A954EB00BA0F6F /* ViewModels */,
				AA13E98F29A9554E00BA0F6F /* View */,
			);
			path = Explore;
			sourceTree = "<group>";
		};
		AAEC556328918A9D002B76D1 /* Messages */ = {
			isa = PBXGroup;
			children = (
				AAEC556A28918C26002B76D1 /* MessagesView.swift */,
			);
			path = Messages;
			sourceTree = "<group>";
		};
		AAEC556428918AB6002B76D1 /* Profile */ = {
			isa = PBXGroup;
			children = (
				AAEC556D28918CE0002B76D1 /* ViewModel */,
				AAEC556C28918CDE002B76D1 /* View */,
			);
			path = Profile;
			sourceTree = "<group>";
		};
		AAEC556C28918CDE002B76D1 /* View */ = {
			isa = PBXGroup;
			children = (
				AAEC556E28918D05002B76D1 /* ProfileView.swift */,
			);
			path = View;
			sourceTree = "<group>";
		};
		AAEC556D28918CE0002B76D1 /* ViewModel */ = {
			isa = PBXGroup;
			children = (
				AA13E98B29A94C1600BA0F6F /* TweetFilterViewModel.swift */,
			);
			path = ViewModel;
			sourceTree = "<group>";
		};
/* End PBXGroup section */

/* Begin PBXNativeTarget section */
		AAEC552128908E1A002B76D1 /* Twitter */ = {
			isa = PBXNativeTarget;
			buildConfigurationList = AAEC554628908E1D002B76D1 /* Build configuration list for PBXNativeTarget "Twitter" */;
			buildPhases = (
				AAEC551E28908E1A002B76D1 /* Sources */,
				AAEC551F28908E1A002B76D1 /* Frameworks */,
				AAEC552028908E1A002B76D1 /* Resources */,
			);
			buildRules = (
			);
			dependencies = (
			);
			name = Twitter;
			packageProductDependencies = (
				AA5EE0E82A1ED4BF00AAF3CE /* FirebaseAuth */,
				AA5EE0EA2A1ED4BF00AAF3CE /* FirebaseFirestore */,
				AA5EE0EC2A1ED4BF00AAF3CE /* FirebaseFirestoreSwift */,
				AA5EE0EE2A1ED4BF00AAF3CE /* FirebaseStorage */,
				AAB1FF762A2FB167009AB6D0 /* Kingfisher */,
			);
			productName = Twitter;
			productReference = AAEC552228908E1A002B76D1 /* Twitter.app */;
			productType = "com.apple.product-type.application";
		};
		AAEC553128908E1C002B76D1 /* TwitterTests */ = {
			isa = PBXNativeTarget;
			buildConfigurationList = AAEC554928908E1D002B76D1 /* Build configuration list for PBXNativeTarget "TwitterTests" */;
			buildPhases = (
				AAEC552E28908E1C002B76D1 /* Sources */,
				AAEC552F28908E1C002B76D1 /* Frameworks */,
				AAEC553028908E1C002B76D1 /* Resources */,
			);
			buildRules = (
			);
			dependencies = (
				AAEC553428908E1C002B76D1 /* PBXTargetDependency */,
			);
			name = TwitterTests;
			productName = TwitterTests;
			productReference = AAEC553228908E1C002B76D1 /* TwitterTests.xctest */;
			productType = "com.apple.product-type.bundle.unit-test";
		};
		AAEC553B28908E1C002B76D1 /* TwitterUITests */ = {
			isa = PBXNativeTarget;
			buildConfigurationList = AAEC554C28908E1D002B76D1 /* Build configuration list for PBXNativeTarget "TwitterUITests" */;
			buildPhases = (
				AAEC553828908E1C002B76D1 /* Sources */,
				AAEC553928908E1C002B76D1 /* Frameworks */,
				AAEC553A28908E1C002B76D1 /* Resources */,
			);
			buildRules = (
			);
			dependencies = (
				AAEC553E28908E1C002B76D1 /* PBXTargetDependency */,
			);
			name = TwitterUITests;
			productName = TwitterUITests;
			productReference = AAEC553C28908E1C002B76D1 /* TwitterUITests.xctest */;
			productType = "com.apple.product-type.bundle.ui-testing";
		};
/* End PBXNativeTarget section */

/* Begin PBXProject section */
		AAEC551A28908E1A002B76D1 /* Project object */ = {
			isa = PBXProject;
			attributes = {
				BuildIndependentTargetsInParallel = 1;
				KnownAssetTags = (
					New,
				);
				LastSwiftUpdateCheck = 1340;
				LastUpgradeCheck = 1340;
				TargetAttributes = {
					AAEC552128908E1A002B76D1 = {
						CreatedOnToolsVersion = 13.4.1;
					};
					AAEC553128908E1C002B76D1 = {
						CreatedOnToolsVersion = 13.4.1;
						TestTargetID = AAEC552128908E1A002B76D1;
					};
					AAEC553B28908E1C002B76D1 = {
						CreatedOnToolsVersion = 13.4.1;
						TestTargetID = AAEC552128908E1A002B76D1;
					};
				};
			};
			buildConfigurationList = AAEC551D28908E1A002B76D1 /* Build configuration list for PBXProject "Twitter" */;
			compatibilityVersion = "Xcode 13.0";
			developmentRegion = en;
			hasScannedForEncodings = 0;
			knownRegions = (
				en,
				Base,
			);
			mainGroup = AAEC551928908E1A002B76D1;
			packageReferences = (
				AA5EE0E72A1ED4BF00AAF3CE /* XCRemoteSwiftPackageReference "firebase-ios-sdk" */,
				AAB1FF752A2FB167009AB6D0 /* XCRemoteSwiftPackageReference "Kingfisher" */,
			);
			productRefGroup = AAEC552328908E1A002B76D1 /* Products */;
			projectDirPath = "";
			projectRoot = "";
			targets = (
				AAEC552128908E1A002B76D1 /* Twitter */,
				AAEC553128908E1C002B76D1 /* TwitterTests */,
				AAEC553B28908E1C002B76D1 /* TwitterUITests */,
			);
		};
/* End PBXProject section */

/* Begin PBXResourcesBuildPhase section */
		AAEC552028908E1A002B76D1 /* Resources */ = {
			isa = PBXResourcesBuildPhase;
			buildActionMask = 2147483647;
			files = (
				AAEC552D28908E1C002B76D1 /* Preview Assets.xcassets in Resources */,
				AAEC552A28908E1C002B76D1 /* Assets.xcassets in Resources */,
				AA5EE0F12A1ED5A000AAF3CE /* GoogleService-Info.plist in Resources */,
			);
			runOnlyForDeploymentPostprocessing = 0;
		};
		AAEC553028908E1C002B76D1 /* Resources */ = {
			isa = PBXResourcesBuildPhase;
			buildActionMask = 2147483647;
			files = (
			);
			runOnlyForDeploymentPostprocessing = 0;
		};
		AAEC553A28908E1C002B76D1 /* Resources */ = {
			isa = PBXResourcesBuildPhase;
			buildActionMask = 2147483647;
			files = (
			);
			runOnlyForDeploymentPostprocessing = 0;
		};
/* End PBXResourcesBuildPhase section */

/* Begin PBXSourcesBuildPhase section */
		AAEC551E28908E1A002B76D1 /* Sources */ = {
			isa = PBXSourcesBuildPhase;
			buildActionMask = 2147483647;
			files = (
				AA13E98C29A94C1600BA0F6F /* TweetFilterViewModel.swift in Sources */,
				AA13E99229A955AA00BA0F6F /* UserRollView.swift in Sources */,
				AAEC556B28918C26002B76D1 /* MessagesView.swift in Sources */,
				AA5EE0F82A21813000AAF3CE /* ImagePicker.swift in Sources */,
				AAEC556F28918D05002B76D1 /* ProfileView.swift in Sources */,
				AAEC552828908E1B002B76D1 /* ContentView.swift in Sources */,
				AAEC555C28909437002B76D1 /* TweetRowView.swift in Sources */,
				AA41ED1E29C4B04800EDBE66 /* TextArea.swift in Sources */,
				AAB1FF742A2EF6DB009AB6D0 /* User.swift in Sources */,
				AA13E99B29AA897800BA0F6F /* SideMenuModel.swift in Sources */,
				AA54A3B228AD824600E82EB0 /* Test2View.swift in Sources */,
				AAA38E982A30363900D02AC2 /* TweetService.swift in Sources */,
				AA41ED2729C4D7F800EDBE66 /* RoundedShape.swift in Sources */,
				AAEC556928918BF8002B76D1 /* NotificationView.swift in Sources */,
				AA41ED2529C4D2E000EDBE66 /* SignUpView.swift in Sources */,
				AA13E99929AA895D00BA0F6F /* SideMenuRollView.swift in Sources */,
				AA13E99729AA894100BA0F6F /* SideMenuView.swift in Sources */,
				AA13E99D29AA8C8200BA0F6F /* UserStackView.swift in Sources */,
				AAB1FF722A2EED52009AB6D0 /* UserService.swift in Sources */,
				AAEC555A2890933F002B76D1 /* FeedView.swift in Sources */,
				AA6620C829BF95A0003A94F3 /* NewTweetView.swift in Sources */,
				AAA38E962A2FE4B000D02AC2 /* SearchBarView.swift in Sources */,
				AA5EE0E42A1E945100AAF3CE /* CustomInputField.swift in Sources */,
				AA54A3AE28AD500400E82EB0 /* TestView.swift in Sources */,
				AAB1FF792A2FDE51009AB6D0 /* ExploreViewModel.swift in Sources */,
				AAEC552628908E1B002B76D1 /* TwitterApp.swift in Sources */,
				AA5EE0FA2A26666F00AAF3CE /* ImageUploader.swift in Sources */,
				AAA38E9A2A30FA8700D02AC2 /* UploadTweetViewModel.swift in Sources */,
				AA5EE0F32A1EDC9E00AAF3CE /* AuthViewModel.swift in Sources */,
				AA5EE0F52A21725300AAF3CE /* ProfilePhotoSelectView.swift in Sources */,
				AAEC556728918BD7002B76D1 /* ExploreView.swift in Sources */,
				AA5EE0E62A1E9A7900AAF3CE /* SignHeader.swift in Sources */,
				AA41ED2329C4D2D100EDBE66 /* LoginView.swift in Sources */,
				AAEC555F289187DA002B76D1 /* MainTabView.swift in Sources */,
			);
			runOnlyForDeploymentPostprocessing = 0;
		};
		AAEC552E28908E1C002B76D1 /* Sources */ = {
			isa = PBXSourcesBuildPhase;
			buildActionMask = 2147483647;
			files = (
				AAEC553728908E1C002B76D1 /* TwitterTests.swift in Sources */,
			);
			runOnlyForDeploymentPostprocessing = 0;
		};
		AAEC553828908E1C002B76D1 /* Sources */ = {
			isa = PBXSourcesBuildPhase;
			buildActionMask = 2147483647;
			files = (
				AAEC554328908E1D002B76D1 /* TwitterUITestsLaunchTests.swift in Sources */,
				AAEC554128908E1D002B76D1 /* TwitterUITests.swift in Sources */,
			);
			runOnlyForDeploymentPostprocessing = 0;
		};
/* End PBXSourcesBuildPhase section */

/* Begin PBXTargetDependency section */
		AAEC553428908E1C002B76D1 /* PBXTargetDependency */ = {
			isa = PBXTargetDependency;
			target = AAEC552128908E1A002B76D1 /* Twitter */;
			targetProxy = AAEC553328908E1C002B76D1 /* PBXContainerItemProxy */;
		};
		AAEC553E28908E1C002B76D1 /* PBXTargetDependency */ = {
			isa = PBXTargetDependency;
			target = AAEC552128908E1A002B76D1 /* Twitter */;
			targetProxy = AAEC553D28908E1C002B76D1 /* PBXContainerItemProxy */;
		};
/* End PBXTargetDependency section */

/* Begin XCBuildConfiguration section */
		AAEC554428908E1D002B76D1 /* Debug */ = {
			isa = XCBuildConfiguration;
			buildSettings = {
				ALWAYS_SEARCH_USER_PATHS = NO;
				CLANG_ANALYZER_NONNULL = YES;
				CLANG_ANALYZER_NUMBER_OBJECT_CONVERSION = YES_AGGRESSIVE;
				CLANG_CXX_LANGUAGE_STANDARD = "gnu++17";
				CLANG_ENABLE_MODULES = YES;
				CLANG_ENABLE_OBJC_ARC = YES;
				CLANG_ENABLE_OBJC_WEAK = YES;
				CLANG_WARN_BLOCK_CAPTURE_AUTORELEASING = YES;
				CLANG_WARN_BOOL_CONVERSION = YES;
				CLANG_WARN_COMMA = YES;
				CLANG_WARN_CONSTANT_CONVERSION = YES;
				CLANG_WARN_DEPRECATED_OBJC_IMPLEMENTATIONS = YES;
				CLANG_WARN_DIRECT_OBJC_ISA_USAGE = YES_ERROR;
				CLANG_WARN_DOCUMENTATION_COMMENTS = YES;
				CLANG_WARN_EMPTY_BODY = YES;
				CLANG_WARN_ENUM_CONVERSION = YES;
				CLANG_WARN_INFINITE_RECURSION = YES;
				CLANG_WARN_INT_CONVERSION = YES;
				CLANG_WARN_NON_LITERAL_NULL_CONVERSION = YES;
				CLANG_WARN_OBJC_IMPLICIT_RETAIN_SELF = YES;
				CLANG_WARN_OBJC_LITERAL_CONVERSION = YES;
				CLANG_WARN_OBJC_ROOT_CLASS = YES_ERROR;
				CLANG_WARN_QUOTED_INCLUDE_IN_FRAMEWORK_HEADER = YES;
				CLANG_WARN_RANGE_LOOP_ANALYSIS = YES;
				CLANG_WARN_STRICT_PROTOTYPES = YES;
				CLANG_WARN_SUSPICIOUS_MOVE = YES;
				CLANG_WARN_UNGUARDED_AVAILABILITY = YES_AGGRESSIVE;
				CLANG_WARN_UNREACHABLE_CODE = YES;
				CLANG_WARN__DUPLICATE_METHOD_MATCH = YES;
				COPY_PHASE_STRIP = NO;
				DEBUG_INFORMATION_FORMAT = dwarf;
				ENABLE_STRICT_OBJC_MSGSEND = YES;
				ENABLE_TESTABILITY = YES;
				GCC_C_LANGUAGE_STANDARD = gnu11;
				GCC_DYNAMIC_NO_PIC = NO;
				GCC_NO_COMMON_BLOCKS = YES;
				GCC_OPTIMIZATION_LEVEL = 0;
				GCC_PREPROCESSOR_DEFINITIONS = (
					"DEBUG=1",
					"$(inherited)",
				);
				GCC_WARN_64_TO_32_BIT_CONVERSION = YES;
				GCC_WARN_ABOUT_RETURN_TYPE = YES_ERROR;
				GCC_WARN_UNDECLARED_SELECTOR = YES;
				GCC_WARN_UNINITIALIZED_AUTOS = YES_AGGRESSIVE;
				GCC_WARN_UNUSED_FUNCTION = YES;
				GCC_WARN_UNUSED_VARIABLE = YES;
				IPHONEOS_DEPLOYMENT_TARGET = 15.5;
				MTL_ENABLE_DEBUG_INFO = INCLUDE_SOURCE;
				MTL_FAST_MATH = YES;
				ONLY_ACTIVE_ARCH = YES;
				SDKROOT = iphoneos;
				SWIFT_ACTIVE_COMPILATION_CONDITIONS = DEBUG;
				SWIFT_OPTIMIZATION_LEVEL = "-Onone";
			};
			name = Debug;
		};
		AAEC554528908E1D002B76D1 /* Release */ = {
			isa = XCBuildConfiguration;
			buildSettings = {
				ALWAYS_SEARCH_USER_PATHS = NO;
				CLANG_ANALYZER_NONNULL = YES;
				CLANG_ANALYZER_NUMBER_OBJECT_CONVERSION = YES_AGGRESSIVE;
				CLANG_CXX_LANGUAGE_STANDARD = "gnu++17";
				CLANG_ENABLE_MODULES = YES;
				CLANG_ENABLE_OBJC_ARC = YES;
				CLANG_ENABLE_OBJC_WEAK = YES;
				CLANG_WARN_BLOCK_CAPTURE_AUTORELEASING = YES;
				CLANG_WARN_BOOL_CONVERSION = YES;
				CLANG_WARN_COMMA = YES;
				CLANG_WARN_CONSTANT_CONVERSION = YES;
				CLANG_WARN_DEPRECATED_OBJC_IMPLEMENTATIONS = YES;
				CLANG_WARN_DIRECT_OBJC_ISA_USAGE = YES_ERROR;
				CLANG_WARN_DOCUMENTATION_COMMENTS = YES;
				CLANG_WARN_EMPTY_BODY = YES;
				CLANG_WARN_ENUM_CONVERSION = YES;
				CLANG_WARN_INFINITE_RECURSION = YES;
				CLANG_WARN_INT_CONVERSION = YES;
				CLANG_WARN_NON_LITERAL_NULL_CONVERSION = YES;
				CLANG_WARN_OBJC_IMPLICIT_RETAIN_SELF = YES;
				CLANG_WARN_OBJC_LITERAL_CONVERSION = YES;
				CLANG_WARN_OBJC_ROOT_CLASS = YES_ERROR;
				CLANG_WARN_QUOTED_INCLUDE_IN_FRAMEWORK_HEADER = YES;
				CLANG_WARN_RANGE_LOOP_ANALYSIS = YES;
				CLANG_WARN_STRICT_PROTOTYPES = YES;
				CLANG_WARN_SUSPICIOUS_MOVE = YES;
				CLANG_WARN_UNGUARDED_AVAILABILITY = YES_AGGRESSIVE;
				CLANG_WARN_UNREACHABLE_CODE = YES;
				CLANG_WARN__DUPLICATE_METHOD_MATCH = YES;
				COPY_PHASE_STRIP = NO;
				DEBUG_INFORMATION_FORMAT = "dwarf-with-dsym";
				ENABLE_NS_ASSERTIONS = NO;
				ENABLE_STRICT_OBJC_MSGSEND = YES;
				GCC_C_LANGUAGE_STANDARD = gnu11;
				GCC_NO_COMMON_BLOCKS = YES;
				GCC_WARN_64_TO_32_BIT_CONVERSION = YES;
				GCC_WARN_ABOUT_RETURN_TYPE = YES_ERROR;
				GCC_WARN_UNDECLARED_SELECTOR = YES;
				GCC_WARN_UNINITIALIZED_AUTOS = YES_AGGRESSIVE;
				GCC_WARN_UNUSED_FUNCTION = YES;
				GCC_WARN_UNUSED_VARIABLE = YES;
				IPHONEOS_DEPLOYMENT_TARGET = 15.5;
				MTL_ENABLE_DEBUG_INFO = NO;
				MTL_FAST_MATH = YES;
				SDKROOT = iphoneos;
				SWIFT_COMPILATION_MODE = wholemodule;
				SWIFT_OPTIMIZATION_LEVEL = "-O";
				VALIDATE_PRODUCT = YES;
			};
			name = Release;
		};
		AAEC554728908E1D002B76D1 /* Debug */ = {
			isa = XCBuildConfiguration;
			buildSettings = {
				ASSETCATALOG_COMPILER_APPICON_NAME = AppIcon;
				ASSETCATALOG_COMPILER_GLOBAL_ACCENT_COLOR_NAME = AccentColor;
				CODE_SIGN_STYLE = Automatic;
				CURRENT_PROJECT_VERSION = 1;
				DEVELOPMENT_ASSET_PATHS = "\"Twitter/Preview Content\"";
				DEVELOPMENT_TEAM = 7L723497A3;
				ENABLE_PREVIEWS = YES;
				GENERATE_INFOPLIST_FILE = YES;
				INFOPLIST_KEY_UIApplicationSceneManifest_Generation = YES;
				INFOPLIST_KEY_UIApplicationSupportsIndirectInputEvents = YES;
				INFOPLIST_KEY_UILaunchScreen_Generation = YES;
				INFOPLIST_KEY_UISupportedInterfaceOrientations_iPad = "UIInterfaceOrientationPortrait UIInterfaceOrientationPortraitUpsideDown UIInterfaceOrientationLandscapeLeft UIInterfaceOrientationLandscapeRight";
				INFOPLIST_KEY_UISupportedInterfaceOrientations_iPhone = "UIInterfaceOrientationPortrait UIInterfaceOrientationLandscapeLeft UIInterfaceOrientationLandscapeRight";
				LD_RUNPATH_SEARCH_PATHS = (
					"$(inherited)",
					"@executable_path/Frameworks",
				);
				MARKETING_VERSION = 1.0;
				PRODUCT_BUNDLE_IDENTIFIER = dylan.Twitter;
				PRODUCT_NAME = "$(TARGET_NAME)";
				SWIFT_EMIT_LOC_STRINGS = YES;
				SWIFT_VERSION = 5.0;
				TARGETED_DEVICE_FAMILY = "1,2";
			};
			name = Debug;
		};
		AAEC554828908E1D002B76D1 /* Release */ = {
			isa = XCBuildConfiguration;
			buildSettings = {
				ASSETCATALOG_COMPILER_APPICON_NAME = AppIcon;
				ASSETCATALOG_COMPILER_GLOBAL_ACCENT_COLOR_NAME = AccentColor;
				CODE_SIGN_STYLE = Automatic;
				CURRENT_PROJECT_VERSION = 1;
				DEVELOPMENT_ASSET_PATHS = "\"Twitter/Preview Content\"";
				DEVELOPMENT_TEAM = 7L723497A3;
				ENABLE_PREVIEWS = YES;
				GENERATE_INFOPLIST_FILE = YES;
				INFOPLIST_KEY_UIApplicationSceneManifest_Generation = YES;
				INFOPLIST_KEY_UIApplicationSupportsIndirectInputEvents = YES;
				INFOPLIST_KEY_UILaunchScreen_Generation = YES;
				INFOPLIST_KEY_UISupportedInterfaceOrientations_iPad = "UIInterfaceOrientationPortrait UIInterfaceOrientationPortraitUpsideDown UIInterfaceOrientationLandscapeLeft UIInterfaceOrientationLandscapeRight";
				INFOPLIST_KEY_UISupportedInterfaceOrientations_iPhone = "UIInterfaceOrientationPortrait UIInterfaceOrientationLandscapeLeft UIInterfaceOrientationLandscapeRight";
				LD_RUNPATH_SEARCH_PATHS = (
					"$(inherited)",
					"@executable_path/Frameworks",
				);
				MARKETING_VERSION = 1.0;
				PRODUCT_BUNDLE_IDENTIFIER = dylan.Twitter;
				PRODUCT_NAME = "$(TARGET_NAME)";
				SWIFT_EMIT_LOC_STRINGS = YES;
				SWIFT_VERSION = 5.0;
				TARGETED_DEVICE_FAMILY = "1,2";
			};
			name = Release;
		};
		AAEC554A28908E1D002B76D1 /* Debug */ = {
			isa = XCBuildConfiguration;
			buildSettings = {
				ALWAYS_EMBED_SWIFT_STANDARD_LIBRARIES = YES;
				BUNDLE_LOADER = "$(TEST_HOST)";
				CODE_SIGN_STYLE = Automatic;
				CURRENT_PROJECT_VERSION = 1;
				DEVELOPMENT_TEAM = 7L723497A3;
				GENERATE_INFOPLIST_FILE = YES;
				IPHONEOS_DEPLOYMENT_TARGET = 15.5;
				MARKETING_VERSION = 1.0;
				PRODUCT_BUNDLE_IDENTIFIER = dylan.TwitterTests;
				PRODUCT_NAME = "$(TARGET_NAME)";
				SWIFT_EMIT_LOC_STRINGS = NO;
				SWIFT_VERSION = 5.0;
				TARGETED_DEVICE_FAMILY = "1,2";
				TEST_HOST = "$(BUILT_PRODUCTS_DIR)/Twitter.app/Twitter";
			};
			name = Debug;
		};
		AAEC554B28908E1D002B76D1 /* Release */ = {
			isa = XCBuildConfiguration;
			buildSettings = {
				ALWAYS_EMBED_SWIFT_STANDARD_LIBRARIES = YES;
				BUNDLE_LOADER = "$(TEST_HOST)";
				CODE_SIGN_STYLE = Automatic;
				CURRENT_PROJECT_VERSION = 1;
				DEVELOPMENT_TEAM = 7L723497A3;
				GENERATE_INFOPLIST_FILE = YES;
				IPHONEOS_DEPLOYMENT_TARGET = 15.5;
				MARKETING_VERSION = 1.0;
				PRODUCT_BUNDLE_IDENTIFIER = dylan.TwitterTests;
				PRODUCT_NAME = "$(TARGET_NAME)";
				SWIFT_EMIT_LOC_STRINGS = NO;
				SWIFT_VERSION = 5.0;
				TARGETED_DEVICE_FAMILY = "1,2";
				TEST_HOST = "$(BUILT_PRODUCTS_DIR)/Twitter.app/Twitter";
			};
			name = Release;
		};
		AAEC554D28908E1D002B76D1 /* Debug */ = {
			isa = XCBuildConfiguration;
			buildSettings = {
				ALWAYS_EMBED_SWIFT_STANDARD_LIBRARIES = YES;
				CODE_SIGN_STYLE = Automatic;
				CURRENT_PROJECT_VERSION = 1;
				DEVELOPMENT_TEAM = 7L723497A3;
				GENERATE_INFOPLIST_FILE = YES;
				MARKETING_VERSION = 1.0;
				PRODUCT_BUNDLE_IDENTIFIER = dylan.TwitterUITests;
				PRODUCT_NAME = "$(TARGET_NAME)";
				SWIFT_EMIT_LOC_STRINGS = NO;
				SWIFT_VERSION = 5.0;
				TARGETED_DEVICE_FAMILY = "1,2";
				TEST_TARGET_NAME = Twitter;
			};
			name = Debug;
		};
		AAEC554E28908E1D002B76D1 /* Release */ = {
			isa = XCBuildConfiguration;
			buildSettings = {
				ALWAYS_EMBED_SWIFT_STANDARD_LIBRARIES = YES;
				CODE_SIGN_STYLE = Automatic;
				CURRENT_PROJECT_VERSION = 1;
				DEVELOPMENT_TEAM = 7L723497A3;
				GENERATE_INFOPLIST_FILE = YES;
				MARKETING_VERSION = 1.0;
				PRODUCT_BUNDLE_IDENTIFIER = dylan.TwitterUITests;
				PRODUCT_NAME = "$(TARGET_NAME)";
				SWIFT_EMIT_LOC_STRINGS = NO;
				SWIFT_VERSION = 5.0;
				TARGETED_DEVICE_FAMILY = "1,2";
				TEST_TARGET_NAME = Twitter;
			};
			name = Release;
		};
/* End XCBuildConfiguration section */

/* Begin XCConfigurationList section */
		AAEC551D28908E1A002B76D1 /* Build configuration list for PBXProject "Twitter" */ = {
			isa = XCConfigurationList;
			buildConfigurations = (
				AAEC554428908E1D002B76D1 /* Debug */,
				AAEC554528908E1D002B76D1 /* Release */,
			);
			defaultConfigurationIsVisible = 0;
			defaultConfigurationName = Release;
		};
		AAEC554628908E1D002B76D1 /* Build configuration list for PBXNativeTarget "Twitter" */ = {
			isa = XCConfigurationList;
			buildConfigurations = (
				AAEC554728908E1D002B76D1 /* Debug */,
				AAEC554828908E1D002B76D1 /* Release */,
			);
			defaultConfigurationIsVisible = 0;
			defaultConfigurationName = Release;
		};
		AAEC554928908E1D002B76D1 /* Build configuration list for PBXNativeTarget "TwitterTests" */ = {
			isa = XCConfigurationList;
			buildConfigurations = (
				AAEC554A28908E1D002B76D1 /* Debug */,
				AAEC554B28908E1D002B76D1 /* Release */,
			);
			defaultConfigurationIsVisible = 0;
			defaultConfigurationName = Release;
		};
		AAEC554C28908E1D002B76D1 /* Build configuration list for PBXNativeTarget "TwitterUITests" */ = {
			isa = XCConfigurationList;
			buildConfigurations = (
				AAEC554D28908E1D002B76D1 /* Debug */,
				AAEC554E28908E1D002B76D1 /* Release */,
			);
			defaultConfigurationIsVisible = 0;
			defaultConfigurationName = Release;
		};
/* End XCConfigurationList section */

/* Begin XCRemoteSwiftPackageReference section */
		AA5EE0E72A1ED4BF00AAF3CE /* XCRemoteSwiftPackageReference "firebase-ios-sdk" */ = {
			isa = XCRemoteSwiftPackageReference;
			repositoryURL = "https://github.com/firebase/firebase-ios-sdk";
			requirement = {
				kind = upToNextMajorVersion;
				minimumVersion = 10.0.0;
			};
		};
		AAB1FF752A2FB167009AB6D0 /* XCRemoteSwiftPackageReference "Kingfisher" */ = {
			isa = XCRemoteSwiftPackageReference;
			repositoryURL = "https://github.com/onevcat/Kingfisher.git";
			requirement = {
				kind = upToNextMajorVersion;
				minimumVersion = 7.0.0;
			};
		};
/* End XCRemoteSwiftPackageReference section */

/* Begin XCSwiftPackageProductDependency section */
		AA5EE0E82A1ED4BF00AAF3CE /* FirebaseAuth */ = {
			isa = XCSwiftPackageProductDependency;
			package = AA5EE0E72A1ED4BF00AAF3CE /* XCRemoteSwiftPackageReference "firebase-ios-sdk" */;
			productName = FirebaseAuth;
		};
		AA5EE0EA2A1ED4BF00AAF3CE /* FirebaseFirestore */ = {
			isa = XCSwiftPackageProductDependency;
			package = AA5EE0E72A1ED4BF00AAF3CE /* XCRemoteSwiftPackageReference "firebase-ios-sdk" */;
			productName = FirebaseFirestore;
		};
		AA5EE0EC2A1ED4BF00AAF3CE /* FirebaseFirestoreSwift */ = {
			isa = XCSwiftPackageProductDependency;
			package = AA5EE0E72A1ED4BF00AAF3CE /* XCRemoteSwiftPackageReference "firebase-ios-sdk" */;
			productName = FirebaseFirestoreSwift;
		};
		AA5EE0EE2A1ED4BF00AAF3CE /* FirebaseStorage */ = {
			isa = XCSwiftPackageProductDependency;
			package = AA5EE0E72A1ED4BF00AAF3CE /* XCRemoteSwiftPackageReference "firebase-ios-sdk" */;
			productName = FirebaseStorage;
		};
		AAB1FF762A2FB167009AB6D0 /* Kingfisher */ = {
			isa = XCSwiftPackageProductDependency;
			package = AAB1FF752A2FB167009AB6D0 /* XCRemoteSwiftPackageReference "Kingfisher" */;
			productName = Kingfisher;
		};
/* End XCSwiftPackageProductDependency section */
	};
	rootObject = AAEC551A28908E1A002B76D1 /* Project object */;
}
